{
  "name": "miniprogram",
  "version": "1.0.0",
  "lockfileVersion": 2,
  "requires": true,
  "packages": {
    "": {
      "version": "1.0.0",
      "license": "ISC",
      "dependencies": {
        "@vant/weapp": "^1.6.4",
        "apifm-wxapi": "^3.25.1"
      }
    },
    "node_modules/@vant/weapp": {
      "version": "1.6.4",
      "resolved": "https://registry.npm.taobao.org/@vant/weapp/download/@vant/weapp-1.6.4.tgz",
      "integrity": "sha1-lKobbeJjIipNQq9rAGZTE/z3aiw="
    },
    "node_modules/apifm-wxapi": {
      "version": "3.25.1",
      "resolved": "https://registry.npm.taobao.org/apifm-wxapi/download/apifm-wxapi-3.25.1.tgz",
      "integrity": "sha1-1ULumvomfuN6hOO3HAn2k/jIPyQ="
    }
  },
  "dependencies": {
    "@vant/weapp": {
      "version": "1.6.4",
      "resolved": "https://registry.npm.taobao.org/@vant/weapp/download/@vant/weapp-1.6.4.tgz",
      "integrity": "sha1-lKobbeJjIipNQq9rAGZTE/z3aiw="
    },
    "apifm-wxapi": {
      "version": "3.25.1",
      "resolved": "https://registry.npm.taobao.org/apifm-wxapi/download/apifm-wxapi-3.25.1.tgz",
      "integrity": "sha1-1ULumvomfuN6hOO3HAn2k/jIPyQ="
    }
  }
}
